
Microsoft Visual Studio Solution File, Format Version 12.00
# Visual Studio Version 17
VisualStudioVersion = 17.1.32407.343
MinimumVisualStudioVersion = 10.0.40219.1
Project("{FAE04EC0-301F-11D3-BF4B-00C04F79EFBC}") = "SugarcaneApplication", "SugarcaneApplication\SugarcaneApplication.csproj", "{6393BEB3-244B-4955-8A25-E73779C4659B}"
EndProject
Global
	GlobalSection(SolutionConfigurationPlatforms) = preSolution
		Debug|Any CPU = Debug|Any CPU
		Release|Any CPU = Release|Any CPU
	EndGlobalSection
	GlobalSection(ProjectConfigurationPlatforms) = postSolution
		{6393BEB3-244B-4955-8A25-E73779C4659B}.Debug|Any CPU.ActiveCfg = Debug|Any CPU
		{6393BEB3-244B-4955-8A25-E73779C4659B}.Debug|Any CPU.Build.0 = Debug|Any CPU
		{6393BEB3-244B-4955-8A25-E73779C4659B}.Release|Any CPU.ActiveCfg = Release|Any CPU
		{6393BEB3-244B-4955-8A25-E73779C4659B}.Release|Any CPU.Build.0 = Release|Any CPU
	EndGlobalSection
	GlobalSection(SolutionProperties) = preSolution
		HideSolutionNode = FALSE
	EndGlobalSection
	GlobalSection(ExtensibilityGlobals) = postSolution
		SolutionGuid = {3FA8BCE1-D916-4E79-A5E5-C31F9D1F1FA9}
	EndGlobalSection
EndGlobal
